<?xml version="1.0" encoding="utf-8"?>
<Project ToolsVersion="4.0" xmlns="http://schemas.microsoft.com/developer/msbuild/2003">
  <ItemGroup>
    <Filter Include="Source Files">
      <UniqueIdentifier>{4FC737F1-C7A5-4376-A066-2A32D752A2FF}</UniqueIdentifier>
      <Extensions>cpp;c;cc;cxx;def;odl;idl;hpj;bat;asm;asmx</Extensions>
    </Filter>
    <Filter Include="Header Files">
      <UniqueIdentifier>{93995380-89BD-4b04-88EB-625FBE52EBFB}</UniqueIdentifier>
      <Extensions>h;hh;hpp;hxx;hm;inl;inc;ipp;xsd</Extensions>
    </Filter>
    <Filter Include="Resource Files">
      <UniqueIdentifier>{67DA6AB6-F800-4c08-8B7A-83BB121AAD01}</UniqueIdentifier>
      <Extensions>rc;ico;cur;bmp;dlg;rc2;rct;bin;rgs;gif;jpg;jpeg;jpe;resx;tiff;tif;png;wav;mfcribbon-ms</Extensions>
    </Filter>
    <Filter Include="Header Files\Courses">
      <UniqueIdentifier>{100e66c0-2f17-4423-9f7e-0837994d9d2a}</UniqueIdentifier>
    </Filter>
    <Filter Include="Header Files\TrainingPrograms">
      <UniqueIdentifier>{5820b3d0-5b0c-47f8-9cc9-323619bc1488}</UniqueIdentifier>
    </Filter>
  </ItemGroup>
  <ItemGroup>
    <ClInclude Include="Student.h">
      <Filter>Header Files</Filter>
    </ClInclude>
    <ClInclude Include="Skill.h">
      <Filter>Header Files</Filter>
    </ClInclude>
    <ClInclude Include="EvaluationSheet.h">
      <Filter>Header Files</Filter>
    </ClInclude>
    <ClInclude Include="StudentStatistics.h">
      <Filter>Header Files</Filter>
    </ClInclude>
    <ClInclude Include="SkillStatistics.h">
      <Filter>Header Files</Filter>
    </ClInclude>
    <ClInclude Include="Course.h">
      <Filter>Header Files\Courses</Filter>
    </ClInclude>
    <ClInclude Include="TrainingProgram.h">
      <Filter>Header Files\TrainingPrograms</Filter>
    </ClInclude>
    <ClInclude Include="HumanResources.h">
      <Filter>Header Files\Courses</Filter>
    </ClInclude>
    <ClInclude Include="Finances.h">
      <Filter>Header Files\Courses</Filter>
    </ClInclude>
    <ClInclude Include="AutoDriving.h">
      <Filter>Header Files\Courses</Filter>
    </ClInclude>
    <ClInclude Include="ComunicareNLP.h">
      <Filter>Header Files\Courses</Filter>
    </ClInclude>
    <ClInclude Include="Mathematics.h">
      <Filter>Header Files\Courses</Filter>
    </ClInclude>
    <ClInclude Include="ForeignLanguage.h">
      <Filter>Header Files\Courses</Filter>
    </ClInclude>
    <ClInclude Include="ProgramareElem.h">
      <Filter>Header Files\Courses</Filter>
    </ClInclude>
    <ClInclude Include="Finantist.h">
      <Filter>Header Files\TrainingPrograms</Filter>
    </ClInclude>
    <ClInclude Include="Manager.h">
      <Filter>Header Files\TrainingPrograms</Filter>
    </ClInclude>
    <ClInclude Include="Programator.h">
      <Filter>Header Files\TrainingPrograms</Filter>
    </ClInclude>
    <ClInclude Include="ManagerProgTeam.h">
      <Filter>Header Files\TrainingPrograms</Filter>
    </ClInclude>
    <ClInclude Include="Sofer.h">
      <Filter>Header Files\TrainingPrograms</Filter>
    </ClInclude>
    <ClInclude Include="ManagerTouristTeam.h">
      <Filter>Header Files\TrainingPrograms</Filter>
    </ClInclude>
    <ClInclude Include="CourseBothEval.h">
      <Filter>Header Files\Courses</Filter>
    </ClInclude>
    <ClInclude Include="Algebra.h">
      <Filter>Header Files\Courses</Filter>
    </ClInclude>
    <ClInclude Include="CourseOneEval.h">
      <Filter>Header Files\Courses</Filter>
    </ClInclude>
  </ItemGroup>
  <ItemGroup>
    <ClCompile Include="TrainingProgram.cpp">
      <Filter>Source Files</Filter>
    </ClCompile>
    <ClCompile Include="Student.cpp">
      <Filter>Source Files</Filter>
    </ClCompile>
    <ClCompile Include="Skill.cpp">
      <Filter>Source Files</Filter>
    </ClCompile>
    <ClCompile Include="Course.cpp">
      <Filter>Source Files</Filter>
    </ClCompile>
    <ClCompile Include="EvaluationSheet.cpp">
      <Filter>Source Files</Filter>
    </ClCompile>
    <ClCompile Include="StudentStatistics.cpp">
      <Filter>Source Files</Filter>
    </ClCompile>
    <ClCompile Include="SkillStatistics.cpp">
      <Filter>Source Files</Filter>
    </ClCompile>
    <ClCompile Include="Main.cpp">
      <Filter>Source Files</Filter>
    </ClCompile>
    <ClCompile Include="ProgramareElem.cpp">
      <Filter>Source Files</Filter>
    </ClCompile>
    <ClCompile Include="ProgOOP.cpp">
      <Filter>Source Files</Filter>
    </ClCompile>
    <ClCompile Include="ProgNonOOP.cpp">
      <Filter>Source Files</Filter>
    </ClCompile>
    <ClCompile Include="ForeignLanguage.cpp">
      <Filter>Source Files</Filter>
    </ClCompile>
    <ClCompile Include="English.cpp">
      <Filter>Source Files</Filter>
    </ClCompile>
    <ClCompile Include="Mathematics.cpp">
      <Filter>Source Files</Filter>
    </ClCompile>
    <ClCompile Include="Algebra.cpp">
      <Filter>Source Files</Filter>
    </ClCompile>
    <ClCompile Include="Geometry.cpp">
      <Filter>Source Files</Filter>
    </ClCompile>
    <ClCompile Include="Analysis.cpp">
      <Filter>Source Files</Filter>
    </ClCompile>
    <ClCompile Include="HumanResources.cpp">
      <Filter>Source Files</Filter>
    </ClCompile>
    <ClCompile Include="Finances.cpp">
      <Filter>Source Files</Filter>
    </ClCompile>
    <ClCompile Include="AutoDriving.cpp">
      <Filter>Source Files</Filter>
    </ClCompile>
    <ClCompile Include="ComunicareNLP.cpp">
      <Filter>Source Files</Filter>
    </ClCompile>
    <ClCompile Include="Finantist.cpp">
      <Filter>Source Files</Filter>
    </ClCompile>
    <ClCompile Include="Manager.cpp">
      <Filter>Source Files</Filter>
    </ClCompile>
    <ClCompile Include="Programator.cpp">
      <Filter>Source Files</Filter>
    </ClCompile>
    <ClCompile Include="ManagerProgTeam.cpp">
      <Filter>Source Files</Filter>
    </ClCompile>
    <ClCompile Include="Sofer.cpp">
      <Filter>Source Files</Filter>
    </ClCompile>
    <ClCompile Include="ManagerTouristTeam.cpp">
      <Filter>Source Files</Filter>
    </ClCompile>
    <ClCompile Include="CourseBothEval.cpp">
      <Filter>Source Files</Filter>
    </ClCompile>
    <ClCompile Include="CourseOneEval.cpp">
      <Filter>Source Files</Filter>
    </ClCompile>
  </ItemGroup>
</Project>